
Microsoft Visual Studio Solution File, Format Version 12.00
# Visual Studio Version 17
VisualStudioVersion = 17.5.002.0
MinimumVisualStudioVersion = 10.0.40219.1
Project("{9A19103F-16F7-4668-BE54-9A1E7A4F7556}") = "WebClient", "WebClient.csproj", "{B56612E6-DDEA-45E7-9FCB-0E99C95580F5}"
EndProject
Global
	GlobalSection(SolutionConfigurationPlatforms) = preSolution
		Debug|Any CPU = Debug|Any CPU
		Release|Any CPU = Release|Any CPU
	EndGlobalSection
	GlobalSection(ProjectConfigurationPlatforms) = postSolution
		{B56612E6-DDEA-45E7-9FCB-0E99C95580F5}.Debug|Any CPU.ActiveCfg = Debug|Any CPU
		{B56612E6-DDEA-45E7-9FCB-0E99C95580F5}.Debug|Any CPU.Build.0 = Debug|Any CPU
		{B56612E6-DDEA-45E7-9FCB-0E99C95580F5}.Release|Any CPU.ActiveCfg = Release|Any CPU
		{B56612E6-DDEA-45E7-9FCB-0E99C95580F5}.Release|Any CPU.Build.0 = Release|Any CPU
	EndGlobalSection
	GlobalSection(SolutionProperties) = preSolution
		HideSolutionNode = FALSE
	EndGlobalSection
	GlobalSection(ExtensibilityGlobals) = postSolution
		SolutionGuid = {1BAB8BC3-F003-4188-93F8-32239DACCD1E}
	EndGlobalSection
EndGlobal
