
Microsoft Visual Studio Solution File, Format Version 12.00
# Visual Studio Version 17
VisualStudioVersion = 17.5.002.0
MinimumVisualStudioVersion = 10.0.40219.1
Project("{9A19103F-16F7-4668-BE54-9A1E7A4F7556}") = "ClientConsole", "ClientConsole.csproj", "{F7CFB2F0-01BD-4C20-9C3A-E57E65F73038}"
EndProject
Global
	GlobalSection(SolutionConfigurationPlatforms) = preSolution
		Debug|Any CPU = Debug|Any CPU
		Release|Any CPU = Release|Any CPU
	EndGlobalSection
	GlobalSection(ProjectConfigurationPlatforms) = postSolution
		{F7CFB2F0-01BD-4C20-9C3A-E57E65F73038}.Debug|Any CPU.ActiveCfg = Debug|Any CPU
		{F7CFB2F0-01BD-4C20-9C3A-E57E65F73038}.Debug|Any CPU.Build.0 = Debug|Any CPU
		{F7CFB2F0-01BD-4C20-9C3A-E57E65F73038}.Release|Any CPU.ActiveCfg = Release|Any CPU
		{F7CFB2F0-01BD-4C20-9C3A-E57E65F73038}.Release|Any CPU.Build.0 = Release|Any CPU
	EndGlobalSection
	GlobalSection(SolutionProperties) = preSolution
		HideSolutionNode = FALSE
	EndGlobalSection
	GlobalSection(ExtensibilityGlobals) = postSolution
		SolutionGuid = {BA80A0E7-5327-431E-95F5-81C9E49AAFFB}
	EndGlobalSection
EndGlobal
